
Microsoft Visual Studio Solution File, Format Version 12.00
# Visual Studio 15
VisualStudioVersion = 15.0.27130.2036
MinimumVisualStudioVersion = 10.0.40219.1
Project("{FAE04EC0-301F-11D3-BF4B-00C04F79EFBC}") = "MVVMRisoe", "RisoeProjektTeamA\MVVMRisoe.csproj", "{3D0EA8C0-98D2-4E0A-986D-800FD1697BD8}"
EndProject
Project("{FAE04EC0-301F-11D3-BF4B-00C04F79EFBC}") = "ModelLibrary", "ModelLibrary\ModelLibrary.csproj", "{BFAD4260-E0CA-4FF1-A6C0-95DDB5160E4B}"
EndProject
Project("{FAE04EC0-301F-11D3-BF4B-00C04F79EFBC}") = "RESTRisoe", "RESTRisoe\RESTRisoe.csproj", "{43B6E4E9-336D-4667-B851-1D81F728ED4C}"
EndProject
Project("{FAE04EC0-301F-11D3-BF4B-00C04F79EFBC}") = "RisoeConsumeDatabase", "RisoeConsumeDatabase\RisoeConsumeDatabase.csproj", "{3DC8DEBB-4613-4D5A-B1E2-CA8430ED1B77}"
EndProject
Project("{FAE04EC0-301F-11D3-BF4B-00C04F79EFBC}") = "RisoeConsumeRest", "RisoeConsumeRest\RisoeConsumeRest.csproj", "{B438C958-C92B-4BA2-80B4-1104109A978A}"
EndProject
Project("{FAE04EC0-301F-11D3-BF4B-00C04F79EFBC}") = "RisoeMVVMUnitTest", "RisoeMVVMUnitTest\RisoeMVVMUnitTest.csproj", "{73C260A7-39FC-40A3-8BF1-3CE977AB6402}"
EndProject
Project("{FAE04EC0-301F-11D3-BF4B-00C04F79EFBC}") = "RESTRisoeTests", "RESTRisoeTests\RESTRisoeTests.csproj", "{1DEF00F9-D777-463D-B753-9C874EC04E20}"
EndProject
Global
	GlobalSection(SolutionConfigurationPlatforms) = preSolution
		Debug|Any CPU = Debug|Any CPU
		Debug|ARM = Debug|ARM
		Debug|x64 = Debug|x64
		Debug|x86 = Debug|x86
		Release|Any CPU = Release|Any CPU
		Release|ARM = Release|ARM
		Release|x64 = Release|x64
		Release|x86 = Release|x86
	EndGlobalSection
	GlobalSection(ProjectConfigurationPlatforms) = postSolution
		{3D0EA8C0-98D2-4E0A-986D-800FD1697BD8}.Debug|Any CPU.ActiveCfg = Debug|x86
		{3D0EA8C0-98D2-4E0A-986D-800FD1697BD8}.Debug|ARM.ActiveCfg = Debug|ARM
		{3D0EA8C0-98D2-4E0A-986D-800FD1697BD8}.Debug|ARM.Build.0 = Debug|ARM
		{3D0EA8C0-98D2-4E0A-986D-800FD1697BD8}.Debug|ARM.Deploy.0 = Debug|ARM
		{3D0EA8C0-98D2-4E0A-986D-800FD1697BD8}.Debug|x64.ActiveCfg = Debug|x64
		{3D0EA8C0-98D2-4E0A-986D-800FD1697BD8}.Debug|x64.Build.0 = Debug|x64
		{3D0EA8C0-98D2-4E0A-986D-800FD1697BD8}.Debug|x64.Deploy.0 = Debug|x64
		{3D0EA8C0-98D2-4E0A-986D-800FD1697BD8}.Debug|x86.ActiveCfg = Debug|x86
		{3D0EA8C0-98D2-4E0A-986D-800FD1697BD8}.Debug|x86.Build.0 = Debug|x86
		{3D0EA8C0-98D2-4E0A-986D-800FD1697BD8}.Debug|x86.Deploy.0 = Debug|x86
		{3D0EA8C0-98D2-4E0A-986D-800FD1697BD8}.Release|Any CPU.ActiveCfg = Release|x86
		{3D0EA8C0-98D2-4E0A-986D-800FD1697BD8}.Release|ARM.ActiveCfg = Release|ARM
		{3D0EA8C0-98D2-4E0A-986D-800FD1697BD8}.Release|ARM.Build.0 = Release|ARM
		{3D0EA8C0-98D2-4E0A-986D-800FD1697BD8}.Release|ARM.Deploy.0 = Release|ARM
		{3D0EA8C0-98D2-4E0A-986D-800FD1697BD8}.Release|x64.ActiveCfg = Release|x64
		{3D0EA8C0-98D2-4E0A-986D-800FD1697BD8}.Release|x64.Build.0 = Release|x64
		{3D0EA8C0-98D2-4E0A-986D-800FD1697BD8}.Release|x64.Deploy.0 = Release|x64
		{3D0EA8C0-98D2-4E0A-986D-800FD1697BD8}.Release|x86.ActiveCfg = Release|x86
		{3D0EA8C0-98D2-4E0A-986D-800FD1697BD8}.Release|x86.Build.0 = Release|x86
		{3D0EA8C0-98D2-4E0A-986D-800FD1697BD8}.Release|x86.Deploy.0 = Release|x86
		{BFAD4260-E0CA-4FF1-A6C0-95DDB5160E4B}.Debug|Any CPU.ActiveCfg = Debug|Any CPU
		{BFAD4260-E0CA-4FF1-A6C0-95DDB5160E4B}.Debug|Any CPU.Build.0 = Debug|Any CPU
		{BFAD4260-E0CA-4FF1-A6C0-95DDB5160E4B}.Debug|ARM.ActiveCfg = Debug|Any CPU
		{BFAD4260-E0CA-4FF1-A6C0-95DDB5160E4B}.Debug|ARM.Build.0 = Debug|Any CPU
		{BFAD4260-E0CA-4FF1-A6C0-95DDB5160E4B}.Debug|x64.ActiveCfg = Debug|Any CPU
		{BFAD4260-E0CA-4FF1-A6C0-95DDB5160E4B}.Debug|x64.Build.0 = Debug|Any CPU
		{BFAD4260-E0CA-4FF1-A6C0-95DDB5160E4B}.Debug|x86.ActiveCfg = Debug|Any CPU
		{BFAD4260-E0CA-4FF1-A6C0-95DDB5160E4B}.Debug|x86.Build.0 = Debug|Any CPU
		{BFAD4260-E0CA-4FF1-A6C0-95DDB5160E4B}.Release|Any CPU.ActiveCfg = Release|Any CPU
		{BFAD4260-E0CA-4FF1-A6C0-95DDB5160E4B}.Release|Any CPU.Build.0 = Release|Any CPU
		{BFAD4260-E0CA-4FF1-A6C0-95DDB5160E4B}.Release|ARM.ActiveCfg = Release|Any CPU
		{BFAD4260-E0CA-4FF1-A6C0-95DDB5160E4B}.Release|ARM.Build.0 = Release|Any CPU
		{BFAD4260-E0CA-4FF1-A6C0-95DDB5160E4B}.Release|x64.ActiveCfg = Release|Any CPU
		{BFAD4260-E0CA-4FF1-A6C0-95DDB5160E4B}.Release|x64.Build.0 = Release|Any CPU
		{BFAD4260-E0CA-4FF1-A6C0-95DDB5160E4B}.Release|x86.ActiveCfg = Release|Any CPU
		{BFAD4260-E0CA-4FF1-A6C0-95DDB5160E4B}.Release|x86.Build.0 = Release|Any CPU
		{43B6E4E9-336D-4667-B851-1D81F728ED4C}.Debug|Any CPU.ActiveCfg = Debug|Any CPU
		{43B6E4E9-336D-4667-B851-1D81F728ED4C}.Debug|Any CPU.Build.0 = Debug|Any CPU
		{43B6E4E9-336D-4667-B851-1D81F728ED4C}.Debug|ARM.ActiveCfg = Debug|Any CPU
		{43B6E4E9-336D-4667-B851-1D81F728ED4C}.Debug|ARM.Build.0 = Debug|Any CPU
		{43B6E4E9-336D-4667-B851-1D81F728ED4C}.Debug|x64.ActiveCfg = Debug|Any CPU
		{43B6E4E9-336D-4667-B851-1D81F728ED4C}.Debug|x64.Build.0 = Debug|Any CPU
		{43B6E4E9-336D-4667-B851-1D81F728ED4C}.Debug|x86.ActiveCfg = Debug|Any CPU
		{43B6E4E9-336D-4667-B851-1D81F728ED4C}.Debug|x86.Build.0 = Debug|Any CPU
		{43B6E4E9-336D-4667-B851-1D81F728ED4C}.Release|Any CPU.ActiveCfg = Release|Any CPU
		{43B6E4E9-336D-4667-B851-1D81F728ED4C}.Release|Any CPU.Build.0 = Release|Any CPU
		{43B6E4E9-336D-4667-B851-1D81F728ED4C}.Release|ARM.ActiveCfg = Release|Any CPU
		{43B6E4E9-336D-4667-B851-1D81F728ED4C}.Release|ARM.Build.0 = Release|Any CPU
		{43B6E4E9-336D-4667-B851-1D81F728ED4C}.Release|x64.ActiveCfg = Release|Any CPU
		{43B6E4E9-336D-4667-B851-1D81F728ED4C}.Release|x64.Build.0 = Release|Any CPU
		{43B6E4E9-336D-4667-B851-1D81F728ED4C}.Release|x86.ActiveCfg = Release|Any CPU
		{43B6E4E9-336D-4667-B851-1D81F728ED4C}.Release|x86.Build.0 = Release|Any CPU
		{3DC8DEBB-4613-4D5A-B1E2-CA8430ED1B77}.Debug|Any CPU.ActiveCfg = Debug|Any CPU
		{3DC8DEBB-4613-4D5A-B1E2-CA8430ED1B77}.Debug|Any CPU.Build.0 = Debug|Any CPU
		{3DC8DEBB-4613-4D5A-B1E2-CA8430ED1B77}.Debug|ARM.ActiveCfg = Debug|Any CPU
		{3DC8DEBB-4613-4D5A-B1E2-CA8430ED1B77}.Debug|ARM.Build.0 = Debug|Any CPU
		{3DC8DEBB-4613-4D5A-B1E2-CA8430ED1B77}.Debug|x64.ActiveCfg = Debug|Any CPU
		{3DC8DEBB-4613-4D5A-B1E2-CA8430ED1B77}.Debug|x64.Build.0 = Debug|Any CPU
		{3DC8DEBB-4613-4D5A-B1E2-CA8430ED1B77}.Debug|x86.ActiveCfg = Debug|Any CPU
		{3DC8DEBB-4613-4D5A-B1E2-CA8430ED1B77}.Debug|x86.Build.0 = Debug|Any CPU
		{3DC8DEBB-4613-4D5A-B1E2-CA8430ED1B77}.Release|Any CPU.ActiveCfg = Release|Any CPU
		{3DC8DEBB-4613-4D5A-B1E2-CA8430ED1B77}.Release|Any CPU.Build.0 = Release|Any CPU
		{3DC8DEBB-4613-4D5A-B1E2-CA8430ED1B77}.Release|ARM.ActiveCfg = Release|Any CPU
		{3DC8DEBB-4613-4D5A-B1E2-CA8430ED1B77}.Release|ARM.Build.0 = Release|Any CPU
		{3DC8DEBB-4613-4D5A-B1E2-CA8430ED1B77}.Release|x64.ActiveCfg = Release|Any CPU
		{3DC8DEBB-4613-4D5A-B1E2-CA8430ED1B77}.Release|x64.Build.0 = Release|Any CPU
		{3DC8DEBB-4613-4D5A-B1E2-CA8430ED1B77}.Release|x86.ActiveCfg = Release|Any CPU
		{3DC8DEBB-4613-4D5A-B1E2-CA8430ED1B77}.Release|x86.Build.0 = Release|Any CPU
		{B438C958-C92B-4BA2-80B4-1104109A978A}.Debug|Any CPU.ActiveCfg = Debug|Any CPU
		{B438C958-C92B-4BA2-80B4-1104109A978A}.Debug|Any CPU.Build.0 = Debug|Any CPU
		{B438C958-C92B-4BA2-80B4-1104109A978A}.Debug|ARM.ActiveCfg = Debug|Any CPU
		{B438C958-C92B-4BA2-80B4-1104109A978A}.Debug|ARM.Build.0 = Debug|Any CPU
		{B438C958-C92B-4BA2-80B4-1104109A978A}.Debug|x64.ActiveCfg = Debug|Any CPU
		{B438C958-C92B-4BA2-80B4-1104109A978A}.Debug|x64.Build.0 = Debug|Any CPU
		{B438C958-C92B-4BA2-80B4-1104109A978A}.Debug|x86.ActiveCfg = Debug|Any CPU
		{B438C958-C92B-4BA2-80B4-1104109A978A}.Debug|x86.Build.0 = Debug|Any CPU
		{B438C958-C92B-4BA2-80B4-1104109A978A}.Release|Any CPU.ActiveCfg = Release|Any CPU
		{B438C958-C92B-4BA2-80B4-1104109A978A}.Release|Any CPU.Build.0 = Release|Any CPU
		{B438C958-C92B-4BA2-80B4-1104109A978A}.Release|ARM.ActiveCfg = Release|Any CPU
		{B438C958-C92B-4BA2-80B4-1104109A978A}.Release|ARM.Build.0 = Release|Any CPU
		{B438C958-C92B-4BA2-80B4-1104109A978A}.Release|x64.ActiveCfg = Release|Any CPU
		{B438C958-C92B-4BA2-80B4-1104109A978A}.Release|x64.Build.0 = Release|Any CPU
		{B438C958-C92B-4BA2-80B4-1104109A978A}.Release|x86.ActiveCfg = Release|Any CPU
		{B438C958-C92B-4BA2-80B4-1104109A978A}.Release|x86.Build.0 = Release|Any CPU
		{73C260A7-39FC-40A3-8BF1-3CE977AB6402}.Debug|Any CPU.ActiveCfg = Debug|x86
		{73C260A7-39FC-40A3-8BF1-3CE977AB6402}.Debug|ARM.ActiveCfg = Debug|ARM
		{73C260A7-39FC-40A3-8BF1-3CE977AB6402}.Debug|ARM.Build.0 = Debug|ARM
		{73C260A7-39FC-40A3-8BF1-3CE977AB6402}.Debug|ARM.Deploy.0 = Debug|ARM
		{73C260A7-39FC-40A3-8BF1-3CE977AB6402}.Debug|x64.ActiveCfg = Debug|x64
		{73C260A7-39FC-40A3-8BF1-3CE977AB6402}.Debug|x64.Build.0 = Debug|x64
		{73C260A7-39FC-40A3-8BF1-3CE977AB6402}.Debug|x64.Deploy.0 = Debug|x64
		{73C260A7-39FC-40A3-8BF1-3CE977AB6402}.Debug|x86.ActiveCfg = Debug|x86
		{73C260A7-39FC-40A3-8BF1-3CE977AB6402}.Debug|x86.Build.0 = Debug|x86
		{73C260A7-39FC-40A3-8BF1-3CE977AB6402}.Debug|x86.Deploy.0 = Debug|x86
		{73C260A7-39FC-40A3-8BF1-3CE977AB6402}.Release|Any CPU.ActiveCfg = Release|x86
		{73C260A7-39FC-40A3-8BF1-3CE977AB6402}.Release|ARM.ActiveCfg = Release|ARM
		{73C260A7-39FC-40A3-8BF1-3CE977AB6402}.Release|ARM.Build.0 = Release|ARM
		{73C260A7-39FC-40A3-8BF1-3CE977AB6402}.Release|ARM.Deploy.0 = Release|ARM
		{73C260A7-39FC-40A3-8BF1-3CE977AB6402}.Release|x64.ActiveCfg = Release|x64
		{73C260A7-39FC-40A3-8BF1-3CE977AB6402}.Release|x64.Build.0 = Release|x64
		{73C260A7-39FC-40A3-8BF1-3CE977AB6402}.Release|x64.Deploy.0 = Release|x64
		{73C260A7-39FC-40A3-8BF1-3CE977AB6402}.Release|x86.ActiveCfg = Release|x86
		{73C260A7-39FC-40A3-8BF1-3CE977AB6402}.Release|x86.Build.0 = Release|x86
		{73C260A7-39FC-40A3-8BF1-3CE977AB6402}.Release|x86.Deploy.0 = Release|x86
		{1DEF00F9-D777-463D-B753-9C874EC04E20}.Debug|Any CPU.ActiveCfg = Debug|Any CPU
		{1DEF00F9-D777-463D-B753-9C874EC04E20}.Debug|Any CPU.Build.0 = Debug|Any CPU
		{1DEF00F9-D777-463D-B753-9C874EC04E20}.Debug|ARM.ActiveCfg = Debug|Any CPU
		{1DEF00F9-D777-463D-B753-9C874EC04E20}.Debug|ARM.Build.0 = Debug|Any CPU
		{1DEF00F9-D777-463D-B753-9C874EC04E20}.Debug|x64.ActiveCfg = Debug|Any CPU
		{1DEF00F9-D777-463D-B753-9C874EC04E20}.Debug|x64.Build.0 = Debug|Any CPU
		{1DEF00F9-D777-463D-B753-9C874EC04E20}.Debug|x86.ActiveCfg = Debug|Any CPU
		{1DEF00F9-D777-463D-B753-9C874EC04E20}.Debug|x86.Build.0 = Debug|Any CPU
		{1DEF00F9-D777-463D-B753-9C874EC04E20}.Release|Any CPU.ActiveCfg = Release|Any CPU
		{1DEF00F9-D777-463D-B753-9C874EC04E20}.Release|Any CPU.Build.0 = Release|Any CPU
		{1DEF00F9-D777-463D-B753-9C874EC04E20}.Release|ARM.ActiveCfg = Release|Any CPU
		{1DEF00F9-D777-463D-B753-9C874EC04E20}.Release|ARM.Build.0 = Release|Any CPU
		{1DEF00F9-D777-463D-B753-9C874EC04E20}.Release|x64.ActiveCfg = Release|Any CPU
		{1DEF00F9-D777-463D-B753-9C874EC04E20}.Release|x64.Build.0 = Release|Any CPU
		{1DEF00F9-D777-463D-B753-9C874EC04E20}.Release|x86.ActiveCfg = Release|Any CPU
		{1DEF00F9-D777-463D-B753-9C874EC04E20}.Release|x86.Build.0 = Release|Any CPU
	EndGlobalSection
	GlobalSection(SolutionProperties) = preSolution
		HideSolutionNode = FALSE
	EndGlobalSection
	GlobalSection(ExtensibilityGlobals) = postSolution
		SolutionGuid = {6961C05C-FBF7-4BDE-B399-1942B4A8D8CF}
	EndGlobalSection
EndGlobal
